
Microsoft Visual Studio Solution File, Format Version 12.00
# Visual Studio Version 17
VisualStudioVersion = 17.0.32112.339
MinimumVisualStudioVersion = 10.0.40219.1
Project("{FAE04EC0-301F-11D3-BF4B-00C04F79EFBC}") = "SaleesWEBMVC", "SaleesWEBMVC\SaleesWEBMVC.csproj", "{D0EF60CE-ED0E-428E-90CB-1F2EDA1B9305}"
EndProject
Global
	GlobalSection(SolutionConfigurationPlatforms) = preSolution
		Debug|Any CPU = Debug|Any CPU
		Release|Any CPU = Release|Any CPU
	EndGlobalSection
	GlobalSection(ProjectConfigurationPlatforms) = postSolution
		{D0EF60CE-ED0E-428E-90CB-1F2EDA1B9305}.Debug|Any CPU.ActiveCfg = Debug|Any CPU
		{D0EF60CE-ED0E-428E-90CB-1F2EDA1B9305}.Debug|Any CPU.Build.0 = Debug|Any CPU
		{D0EF60CE-ED0E-428E-90CB-1F2EDA1B9305}.Release|Any CPU.ActiveCfg = Release|Any CPU
		{D0EF60CE-ED0E-428E-90CB-1F2EDA1B9305}.Release|Any CPU.Build.0 = Release|Any CPU
	EndGlobalSection
	GlobalSection(SolutionProperties) = preSolution
		HideSolutionNode = FALSE
	EndGlobalSection
	GlobalSection(ExtensibilityGlobals) = postSolution
		SolutionGuid = {D93BC26C-9114-498F-A875-17228E90ECA6}
	EndGlobalSection
EndGlobal
